
Microsoft Visual Studio Solution File, Format Version 12.00
# Visual Studio Version 17
VisualStudioVersion = 17.2.32519.379
MinimumVisualStudioVersion = 10.0.40219.1
Project("{9A19103F-16F7-4668-BE54-9A1E7A4F7556}") = "TradeBot", "TradeBot\TradeBot.csproj", "{B21B5DEF-A097-4D15-9B6C-634C0FFC18A2}"
EndProject
Project("{9A19103F-16F7-4668-BE54-9A1E7A4F7556}") = "ExchangeConnectors", "ExchangeConnectors\ExchangeConnectors.csproj", "{C5305EC7-1C88-4695-90E2-9C47358A0F05}"
EndProject
Project("{9A19103F-16F7-4668-BE54-9A1E7A4F7556}") = "DataTypes", "DataTypes\DataTypes.csproj", "{8AD21972-18BB-4775-838B-F5C8DEE37214}"
EndProject
Project("{9A19103F-16F7-4668-BE54-9A1E7A4F7556}") = "Log", "Log\Log.csproj", "{C50B50F3-4B26-4981-B3E6-F2B26749E631}"
EndProject
Project("{9A19103F-16F7-4668-BE54-9A1E7A4F7556}") = "ExchangeFakerTests", "ExchangeFakerTests\ExchangeFakerTests.csproj", "{A4C2B3CC-8DDD-48F9-B96B-ACB11169DE72}"
EndProject
Project("{9A19103F-16F7-4668-BE54-9A1E7A4F7556}") = "DataStorage", "DataContext\DataStorage.csproj", "{AC9CAEEA-ECBE-466C-9CF7-7F27C7DDC922}"
EndProject
Project("{9A19103F-16F7-4668-BE54-9A1E7A4F7556}") = "Core", "Core\Core.csproj", "{227907FA-F26D-46A2-A856-EEAAA2D914BF}"
EndProject
Project("{9A19103F-16F7-4668-BE54-9A1E7A4F7556}") = "ExchangeFaker", "ExchangeFaker\ExchangeFaker.csproj", "{20505405-6A71-4CDC-89FD-712CFEEB1FFF}"
EndProject
Global
	GlobalSection(SolutionConfigurationPlatforms) = preSolution
		Debug|Any CPU = Debug|Any CPU
		Release|Any CPU = Release|Any CPU
	EndGlobalSection
	GlobalSection(ProjectConfigurationPlatforms) = postSolution
		{B21B5DEF-A097-4D15-9B6C-634C0FFC18A2}.Debug|Any CPU.ActiveCfg = Debug|Any CPU
		{B21B5DEF-A097-4D15-9B6C-634C0FFC18A2}.Debug|Any CPU.Build.0 = Debug|Any CPU
		{B21B5DEF-A097-4D15-9B6C-634C0FFC18A2}.Release|Any CPU.ActiveCfg = Release|Any CPU
		{B21B5DEF-A097-4D15-9B6C-634C0FFC18A2}.Release|Any CPU.Build.0 = Release|Any CPU
		{C5305EC7-1C88-4695-90E2-9C47358A0F05}.Debug|Any CPU.ActiveCfg = Debug|Any CPU
		{C5305EC7-1C88-4695-90E2-9C47358A0F05}.Debug|Any CPU.Build.0 = Debug|Any CPU
		{C5305EC7-1C88-4695-90E2-9C47358A0F05}.Release|Any CPU.ActiveCfg = Release|Any CPU
		{C5305EC7-1C88-4695-90E2-9C47358A0F05}.Release|Any CPU.Build.0 = Release|Any CPU
		{8AD21972-18BB-4775-838B-F5C8DEE37214}.Debug|Any CPU.ActiveCfg = Debug|Any CPU
		{8AD21972-18BB-4775-838B-F5C8DEE37214}.Debug|Any CPU.Build.0 = Debug|Any CPU
		{8AD21972-18BB-4775-838B-F5C8DEE37214}.Release|Any CPU.ActiveCfg = Release|Any CPU
		{8AD21972-18BB-4775-838B-F5C8DEE37214}.Release|Any CPU.Build.0 = Release|Any CPU
		{C50B50F3-4B26-4981-B3E6-F2B26749E631}.Debug|Any CPU.ActiveCfg = Debug|Any CPU
		{C50B50F3-4B26-4981-B3E6-F2B26749E631}.Debug|Any CPU.Build.0 = Debug|Any CPU
		{C50B50F3-4B26-4981-B3E6-F2B26749E631}.Release|Any CPU.ActiveCfg = Release|Any CPU
		{C50B50F3-4B26-4981-B3E6-F2B26749E631}.Release|Any CPU.Build.0 = Release|Any CPU
		{A4C2B3CC-8DDD-48F9-B96B-ACB11169DE72}.Debug|Any CPU.ActiveCfg = Debug|Any CPU
		{A4C2B3CC-8DDD-48F9-B96B-ACB11169DE72}.Debug|Any CPU.Build.0 = Debug|Any CPU
		{A4C2B3CC-8DDD-48F9-B96B-ACB11169DE72}.Release|Any CPU.ActiveCfg = Release|Any CPU
		{A4C2B3CC-8DDD-48F9-B96B-ACB11169DE72}.Release|Any CPU.Build.0 = Release|Any CPU
		{AC9CAEEA-ECBE-466C-9CF7-7F27C7DDC922}.Debug|Any CPU.ActiveCfg = Debug|Any CPU
		{AC9CAEEA-ECBE-466C-9CF7-7F27C7DDC922}.Debug|Any CPU.Build.0 = Debug|Any CPU
		{AC9CAEEA-ECBE-466C-9CF7-7F27C7DDC922}.Release|Any CPU.ActiveCfg = Release|Any CPU
		{AC9CAEEA-ECBE-466C-9CF7-7F27C7DDC922}.Release|Any CPU.Build.0 = Release|Any CPU
		{227907FA-F26D-46A2-A856-EEAAA2D914BF}.Debug|Any CPU.ActiveCfg = Debug|Any CPU
		{227907FA-F26D-46A2-A856-EEAAA2D914BF}.Debug|Any CPU.Build.0 = Debug|Any CPU
		{227907FA-F26D-46A2-A856-EEAAA2D914BF}.Release|Any CPU.ActiveCfg = Release|Any CPU
		{227907FA-F26D-46A2-A856-EEAAA2D914BF}.Release|Any CPU.Build.0 = Release|Any CPU
		{20505405-6A71-4CDC-89FD-712CFEEB1FFF}.Debug|Any CPU.ActiveCfg = Debug|Any CPU
		{20505405-6A71-4CDC-89FD-712CFEEB1FFF}.Debug|Any CPU.Build.0 = Debug|Any CPU
		{20505405-6A71-4CDC-89FD-712CFEEB1FFF}.Release|Any CPU.ActiveCfg = Release|Any CPU
		{20505405-6A71-4CDC-89FD-712CFEEB1FFF}.Release|Any CPU.Build.0 = Release|Any CPU
	EndGlobalSection
	GlobalSection(SolutionProperties) = preSolution
		HideSolutionNode = FALSE
	EndGlobalSection
	GlobalSection(ExtensibilityGlobals) = postSolution
		SolutionGuid = {5764CEF6-AE1C-4621-9C26-C4F9C0DDC3A4}
	EndGlobalSection
EndGlobal
